// !$*UTF8*$!
{
	archiveVersion = 1;
	classes = {
	};
	objectVersion = 46;
	objects = {

/* Begin PBXAggregateTarget section */
		22E5875A6DD34311A90CA03B /* ZERO_CHECK */ = {
			isa = PBXAggregateTarget;
			buildConfigurationList = 43CD3920288248B7AB6E3605 /* Build configuration list for PBXAggregateTarget "ZERO_CHECK" */;
			buildPhases = (
				BBFA3C6061E5417C814A2D05 /* CMake Rules */,
			);
			dependencies = (
			);
			name = ZERO_CHECK;
			productName = ZERO_CHECK;
		};
		F978A61F2A134F0C91127A1E /* ALL_BUILD */ = {
			isa = PBXAggregateTarget;
			buildConfigurationList = 2F3AB1D4520D4B84AE6E5CC8 /* Build configuration list for PBXAggregateTarget "ALL_BUILD" */;
			buildPhases = (
				29FD12E9322D4A9B93ABCD81 /* CMake Rules */,
			);
			dependencies = (
				35E26920F52F4FD7805BE976 /* PBXTargetDependency */,
				2C386E629E4142319343FCBB /* PBXTargetDependency */,
			);
			name = ALL_BUILD;
			productName = ALL_BUILD;
		};
/* End PBXAggregateTarget section */

/* Begin PBXBuildFile section */
		AFE73647B42045C99DB064A0 /* main.cpp in Sources */ = {isa = PBXBuildFile; fileRef = 0B642AC8CDBB4EDEA929F5EF /* main.cpp */; };
		F5BAAA607B5D464EBF48A10E /* MPC.cpp in Sources */ = {isa = PBXBuildFile; fileRef = EBEEB1C81CE34592AEC2880F /* MPC.cpp */; };
/* End PBXBuildFile section */

/* Begin PBXContainerItemProxy section */
		47D903C2C8D947C696CAA7A3 /* PBXContainerItemProxy */ = {
			isa = PBXContainerItemProxy;
			containerPortal = 8100EE564F1A41DA88DEB969 /* Project object */;
			proxyType = 1;
			remoteGlobalIDString = 22E5875A6DD34311A90CA03B;
			remoteInfo = ZERO_CHECK;
		};
		628F70378F9E43CA9641E093 /* PBXContainerItemProxy */ = {
			isa = PBXContainerItemProxy;
			containerPortal = 8100EE564F1A41DA88DEB969 /* Project object */;
			proxyType = 1;
			remoteGlobalIDString = 251935A7F2A84E219335C248;
			remoteInfo = mpc;
		};
		862206539937438EBB9730E2 /* PBXContainerItemProxy */ = {
			isa = PBXContainerItemProxy;
			containerPortal = 8100EE564F1A41DA88DEB969 /* Project object */;
			proxyType = 1;
			remoteGlobalIDString = 22E5875A6DD34311A90CA03B;
			remoteInfo = ZERO_CHECK;
		};
/* End PBXContainerItemProxy section */

/* Begin PBXFileReference section */
		0B642AC8CDBB4EDEA929F5EF /* main.cpp */ = {isa = PBXFileReference; explicitFileType = sourcecode.cpp.cpp; fileEncoding = 4; indentWidth = 2; name = main.cpp; path = src/main.cpp; sourceTree = SOURCE_ROOT; tabWidth = 2; };
		64327007F9CC4E15AA97F6B2 /* CMakeLists.txt */ = {isa = PBXFileReference; explicitFileType = sourcecode.text; fileEncoding = 4; lastKnownFileType = text; path = CMakeLists.txt; sourceTree = SOURCE_ROOT; };
		B2A7697BFD1E4DEE9354F943 /* mpc */ = {isa = PBXFileReference; explicitFileType = "compiled.mach-o.executable"; path = mpc; sourceTree = BUILT_PRODUCTS_DIR; };
		BF683AA11F5EDD9E00962219 /* json.hpp */ = {isa = PBXFileReference; fileEncoding = 4; lastKnownFileType = sourcecode.cpp.h; name = json.hpp; path = src/json.hpp; sourceTree = "<group>"; };
		BF683AA21F5EDD9E00962219 /* MPC.h */ = {isa = PBXFileReference; fileEncoding = 4; lastKnownFileType = sourcecode.c.h; name = MPC.h; path = src/MPC.h; sourceTree = "<group>"; };
		EBA26B4F21264EE8B6AEC75F /* CMakeLists.txt */ = {isa = PBXFileReference; explicitFileType = sourcecode.text; fileEncoding = 4; lastKnownFileType = text; path = CMakeLists.txt; sourceTree = SOURCE_ROOT; };
		EBEEB1C81CE34592AEC2880F /* MPC.cpp */ = {isa = PBXFileReference; explicitFileType = sourcecode.cpp.cpp; fileEncoding = 4; indentWidth = 2; name = MPC.cpp; path = src/MPC.cpp; sourceTree = SOURCE_ROOT; tabWidth = 2; };
		F519B7DF370C4659A7186721 /* CMakeLists.txt */ = {isa = PBXFileReference; explicitFileType = sourcecode.text; fileEncoding = 4; lastKnownFileType = text; path = CMakeLists.txt; sourceTree = SOURCE_ROOT; };
/* End PBXFileReference section */

/* Begin PBXGroup section */
		139EE8F9EBB345BA9B9B97B2 = {
			isa = PBXGroup;
			children = (
				E4B6252D07E2484ABF073A26 /* mpc */,
				761B4785B30344ADB988C01F /* ALL_BUILD */,
				EF787E98916E4CB8AAC46EE6 /* ZERO_CHECK */,
				20B6131B1BDB42BC97DD6252 /* Products */,
			);
			sourceTree = "<group>";
		};
		16C421AFBF7348E9A12E4EE3 /* CMake Rules */ = {
			isa = PBXGroup;
			children = (
			);
			name = "CMake Rules";
			sourceTree = "<group>";
		};
		20B6131B1BDB42BC97DD6252 /* Products */ = {
			isa = PBXGroup;
			children = (
				B2A7697BFD1E4DEE9354F943 /* mpc */,
			);
			name = Products;
			sourceTree = "<group>";
		};
		6A933B0361A841FBABD1C152 /* Source Files */ = {
			isa = PBXGroup;
			children = (
				EBEEB1C81CE34592AEC2880F /* MPC.cpp */,
				0B642AC8CDBB4EDEA929F5EF /* main.cpp */,
			);
			name = "Source Files";
			sourceTree = "<group>";
		};
		761B4785B30344ADB988C01F /* ALL_BUILD */ = {
			isa = PBXGroup;
			children = (
				16C421AFBF7348E9A12E4EE3 /* CMake Rules */,
				64327007F9CC4E15AA97F6B2 /* CMakeLists.txt */,
			);
			name = ALL_BUILD;
			sourceTree = "<group>";
		};
		BF683AA01F5EDCAC00962219 /* Header Files */ = {
			isa = PBXGroup;
			children = (
				BF683AA11F5EDD9E00962219 /* json.hpp */,
				BF683AA21F5EDD9E00962219 /* MPC.h */,
			);
			name = "Header Files";
			sourceTree = "<group>";
		};
		E4B6252D07E2484ABF073A26 /* mpc */ = {
			isa = PBXGroup;
			children = (
				BF683AA01F5EDCAC00962219 /* Header Files */,
				6A933B0361A841FBABD1C152 /* Source Files */,
				F519B7DF370C4659A7186721 /* CMakeLists.txt */,
			);
			name = mpc;
			sourceTree = "<group>";
		};
		E557CD66F84D4C16B15ADD1F /* CMake Rules */ = {
			isa = PBXGroup;
			children = (
			);
			name = "CMake Rules";
			sourceTree = "<group>";
		};
		EF787E98916E4CB8AAC46EE6 /* ZERO_CHECK */ = {
			isa = PBXGroup;
			children = (
				E557CD66F84D4C16B15ADD1F /* CMake Rules */,
				EBA26B4F21264EE8B6AEC75F /* CMakeLists.txt */,
			);
			name = ZERO_CHECK;
			sourceTree = "<group>";
		};
/* End PBXGroup section */

/* Begin PBXNativeTarget section */
		251935A7F2A84E219335C248 /* mpc */ = {
			isa = PBXNativeTarget;
			buildConfigurationList = 54B0FA98C96245CC9DD894F5 /* Build configuration list for PBXNativeTarget "mpc" */;
			buildPhases = (
				9B0AB781FBEC4A80862A3969 /* Sources */,
			);
			buildRules = (
			);
			dependencies = (
				D1FB06D058174F46859D4B73 /* PBXTargetDependency */,
			);
			name = mpc;
			productName = mpc;
			productReference = B2A7697BFD1E4DEE9354F943 /* mpc */;
			productType = "com.apple.product-type.tool";
		};
/* End PBXNativeTarget section */

/* Begin PBXProject section */
		8100EE564F1A41DA88DEB969 /* Project object */ = {
			isa = PBXProject;
			attributes = {
				BuildIndependentTargetsInParallel = YES;
				LastUpgradeCheck = 0830;
			};
			buildConfigurationList = FEBB9EDD74CB457093EA9C79 /* Build configuration list for PBXProject "MPC" */;
			compatibilityVersion = "Xcode 3.2";
			developmentRegion = English;
			hasScannedForEncodings = 0;
			knownRegions = (
				en,
			);
			mainGroup = 139EE8F9EBB345BA9B9B97B2;
			projectDirPath = ../../;
			projectRoot = "";
			targets = (
				F978A61F2A134F0C91127A1E /* ALL_BUILD */,
				22E5875A6DD34311A90CA03B /* ZERO_CHECK */,
				251935A7F2A84E219335C248 /* mpc */,
			);
		};
/* End PBXProject section */

/* Begin PBXShellScriptBuildPhase section */
		29FD12E9322D4A9B93ABCD81 /* CMake Rules */ = {
			isa = PBXShellScriptBuildPhase;
			buildActionMask = 2147483647;
			files = (
			);
			name = "CMake Rules";
			outputPaths = (
				"/Users/mkoehnke/Developer/Udacity/Projects/CarND-MPC-Project/ide_profiles/xcode/CMakeFiles/ALL_BUILD",
			);
			runOnlyForDeploymentPostprocessing = 0;
			shellPath = /bin/sh;
			shellScript = "make -C /Users/mkoehnke/Developer/Udacity/Projects/CarND-MPC-Project/ide_profiles/xcode -f /Users/mkoehnke/Developer/Udacity/Projects/CarND-MPC-Project/ide_profiles/xcode/CMakeScripts/ALL_BUILD_cmakeRulesBuildPhase.make$CONFIGURATION all";
			showEnvVarsInLog = 0;
		};
		BBFA3C6061E5417C814A2D05 /* CMake Rules */ = {
			isa = PBXShellScriptBuildPhase;
			buildActionMask = 2147483647;
			files = (
			);
			name = "CMake Rules";
			outputPaths = (
				"/Users/mkoehnke/Developer/Udacity/Projects/CarND-MPC-Project/ide_profiles/xcode/CMakeFiles/ZERO_CHECK",
			);
			runOnlyForDeploymentPostprocessing = 0;
			shellPath = /bin/sh;
			shellScript = "make -C /Users/mkoehnke/Developer/Udacity/Projects/CarND-MPC-Project/ide_profiles/xcode -f /Users/mkoehnke/Developer/Udacity/Projects/CarND-MPC-Project/ide_profiles/xcode/CMakeScripts/ZERO_CHECK_cmakeRulesBuildPhase.make$CONFIGURATION all";
			showEnvVarsInLog = 0;
		};
/* End PBXShellScriptBuildPhase section */

/* Begin PBXSourcesBuildPhase section */
		9B0AB781FBEC4A80862A3969 /* Sources */ = {
			isa = PBXSourcesBuildPhase;
			buildActionMask = 2147483647;
			files = (
				F5BAAA607B5D464EBF48A10E /* MPC.cpp in Sources */,
				AFE73647B42045C99DB064A0 /* main.cpp in Sources */,
			);
			runOnlyForDeploymentPostprocessing = 0;
		};
/* End PBXSourcesBuildPhase section */

/* Begin PBXTargetDependency section */
		2C386E629E4142319343FCBB /* PBXTargetDependency */ = {
			isa = PBXTargetDependency;
			target = 251935A7F2A84E219335C248 /* mpc */;
			targetProxy = 628F70378F9E43CA9641E093 /* PBXContainerItemProxy */;
		};
		35E26920F52F4FD7805BE976 /* PBXTargetDependency */ = {
			isa = PBXTargetDependency;
			target = 22E5875A6DD34311A90CA03B /* ZERO_CHECK */;
			targetProxy = 862206539937438EBB9730E2 /* PBXContainerItemProxy */;
		};
		D1FB06D058174F46859D4B73 /* PBXTargetDependency */ = {
			isa = PBXTargetDependency;
			target = 22E5875A6DD34311A90CA03B /* ZERO_CHECK */;
			targetProxy = 47D903C2C8D947C696CAA7A3 /* PBXContainerItemProxy */;
		};
/* End PBXTargetDependency section */

/* Begin XCBuildConfiguration section */
		0DEC2E51B7EC49F09FE59A3F /* MinSizeRel */ = {
			isa = XCBuildConfiguration;
			buildSettings = {
				COMBINE_HIDPI_IMAGES = YES;
				EXECUTABLE_PREFIX = "";
				EXECUTABLE_SUFFIX = "";
				GCC_GENERATE_DEBUGGING_SYMBOLS = NO;
				GCC_INLINES_ARE_PRIVATE_EXTERN = NO;
				GCC_OPTIMIZATION_LEVEL = s;
				GCC_PREPROCESSOR_DEFINITIONS = "'CMAKE_INTDIR=\"$(CONFIGURATION)$(EFFECTIVE_PLATFORM_NAME)\"'";
				GCC_SYMBOLS_PRIVATE_EXTERN = NO;
				HEADER_SEARCH_PATHS = (
					/usr/local/include,
					"/Users/mkoehnke/Developer/Udacity/Projects/CarND-MPC-Project/src/Eigen-3.3",
					/usr/local/opt/openssl/include,
				);
				INSTALL_PATH = "";
				LD_RUNPATH_SEARCH_PATHS = "/usr/local/lib /usr/local/opt/openssl/lib /usr/local/Cellar/libuv/1.11.0/lib";
				LIBRARY_SEARCH_PATHS = (
					"/usr/local/lib/$(CONFIGURATION)$(EFFECTIVE_PLATFORM_NAME)",
					/usr/local/lib,
					"/usr/local/opt/openssl/lib/$(CONFIGURATION)$(EFFECTIVE_PLATFORM_NAME)",
					/usr/local/opt/openssl/lib,
					"/usr/local/Cellar/libuv/1.11.0/lib/$(CONFIGURATION)$(EFFECTIVE_PLATFORM_NAME)",
					/usr/local/Cellar/libuv/1.11.0/lib,
				);
				OTHER_CPLUSPLUSFLAGS = (
					"-Wall",
					"-DNDEBUG",
					"-std=c++11",
					"-O3",
				);
				OTHER_LDFLAGS = (
					"-Wl,-search_paths_first",
					"-Wl,-headerpad_max_install_names",
					"-lipopt",
					"-lz",
					"-lssl",
					"-luv",
					"-luWS",
				);
				OTHER_REZFLAGS = "";
				PRODUCT_NAME = mpc;
				SECTORDER_FLAGS = "";
				SYMROOT = "/Users/mkoehnke/Developer/Udacity/Projects/CarND-MPC-Project/ide_profiles/xcode";
				USE_HEADERMAP = NO;
				WARNING_CFLAGS = (
					"-Wmost",
					"-Wno-four-char-constants",
					"-Wno-unknown-pragmas",
					"$(inherited)",
				);
			};
			name = MinSizeRel;
		};
		1258F11C760B4FB8B4B8FD6B /* Debug */ = {
			isa = XCBuildConfiguration;
			buildSettings = {
				COMBINE_HIDPI_IMAGES = YES;
				GCC_GENERATE_DEBUGGING_SYMBOLS = YES;
				GCC_INLINES_ARE_PRIVATE_EXTERN = NO;
				GCC_OPTIMIZATION_LEVEL = 0;
				GCC_PREPROCESSOR_DEFINITIONS = "'CMAKE_INTDIR=\"$(CONFIGURATION)$(EFFECTIVE_PLATFORM_NAME)\"'";
				GCC_SYMBOLS_PRIVATE_EXTERN = NO;
				HEADER_SEARCH_PATHS = (
					/usr/local/include,
					"/Users/mkoehnke/Developer/Udacity/Projects/CarND-MPC-Project/src/Eigen-3.3",
					/usr/local/opt/openssl/include,
				);
				INSTALL_PATH = "";
				OTHER_LDFLAGS = " ";
				OTHER_REZFLAGS = "";
				PRODUCT_NAME = ALL_BUILD;
				SECTORDER_FLAGS = "";
				SYMROOT = "/Users/mkoehnke/Developer/Udacity/Projects/CarND-MPC-Project/ide_profiles/xcode";
				USE_HEADERMAP = NO;
				WARNING_CFLAGS = (
					"-Wmost",
					"-Wno-four-char-constants",
					"-Wno-unknown-pragmas",
					"$(inherited)",
				);
			};
			name = Debug;
		};
		2BD05AFCEA9044BC85E085A1 /* Release */ = {
			isa = XCBuildConfiguration;
			buildSettings = {
				COMBINE_HIDPI_IMAGES = YES;
				EXECUTABLE_PREFIX = "";
				EXECUTABLE_SUFFIX = "";
				GCC_GENERATE_DEBUGGING_SYMBOLS = NO;
				GCC_INLINES_ARE_PRIVATE_EXTERN = NO;
				GCC_OPTIMIZATION_LEVEL = 3;
				GCC_PREPROCESSOR_DEFINITIONS = "'CMAKE_INTDIR=\"$(CONFIGURATION)$(EFFECTIVE_PLATFORM_NAME)\"'";
				GCC_SYMBOLS_PRIVATE_EXTERN = NO;
				HEADER_SEARCH_PATHS = (
					/usr/local/include,
					"/Users/mkoehnke/Developer/Udacity/Projects/CarND-MPC-Project/src/Eigen-3.3",
					/usr/local/opt/openssl/include,
				);
				INSTALL_PATH = "";
				LD_RUNPATH_SEARCH_PATHS = "/usr/local/lib /usr/local/opt/openssl/lib /usr/local/Cellar/libuv/1.11.0/lib";
				LIBRARY_SEARCH_PATHS = (
					"/usr/local/lib/$(CONFIGURATION)$(EFFECTIVE_PLATFORM_NAME)",
					/usr/local/lib,
					"/usr/local/opt/openssl/lib/$(CONFIGURATION)$(EFFECTIVE_PLATFORM_NAME)",
					/usr/local/opt/openssl/lib,
					"/usr/local/Cellar/libuv/1.11.0/lib/$(CONFIGURATION)$(EFFECTIVE_PLATFORM_NAME)",
					/usr/local/Cellar/libuv/1.11.0/lib,
				);
				OTHER_CPLUSPLUSFLAGS = (
					"-Wall",
					"-DNDEBUG",
					"-std=c++11",
					"-O3",
				);
				OTHER_LDFLAGS = (
					"-Wl,-search_paths_first",
					"-Wl,-headerpad_max_install_names",
					"-lipopt",
					"-lz",
					"-lssl",
					"-luv",
					"-luWS",
				);
				OTHER_REZFLAGS = "";
				PRODUCT_NAME = mpc;
				SECTORDER_FLAGS = "";
				SYMROOT = "/Users/mkoehnke/Developer/Udacity/Projects/CarND-MPC-Project/ide_profiles/xcode";
				USE_HEADERMAP = NO;
				WARNING_CFLAGS = (
					"-Wmost",
					"-Wno-four-char-constants",
					"-Wno-unknown-pragmas",
					"$(inherited)",
				);
			};
			name = Release;
		};
		35D77B48D3784F0D96A7BFFA /* MinSizeRel */ = {
			isa = XCBuildConfiguration;
			buildSettings = {
				ONLY_ACTIVE_ARCH = YES;
				SDKROOT = /Applications/Xcode.app/Contents/Developer/Platforms/MacOSX.platform/Developer/SDKs/MacOSX10.12.sdk;
				SYMROOT = "/Users/mkoehnke/Developer/Udacity/Projects/CarND-MPC-Project/ide_profiles/xcode/build";
			};
			name = MinSizeRel;
		};
		3EF6229AC7374FD79B1B4782 /* Release */ = {
			isa = XCBuildConfiguration;
			buildSettings = {
				ONLY_ACTIVE_ARCH = YES;
				SDKROOT = /Applications/Xcode.app/Contents/Developer/Platforms/MacOSX.platform/Developer/SDKs/MacOSX10.12.sdk;
				SYMROOT = "/Users/mkoehnke/Developer/Udacity/Projects/CarND-MPC-Project/ide_profiles/xcode/build";
			};
			name = Release;
		};
		4A9D6E67874742BF9BA8D28A /* Debug */ = {
			isa = XCBuildConfiguration;
			buildSettings = {
				COMBINE_HIDPI_IMAGES = YES;
				GCC_GENERATE_DEBUGGING_SYMBOLS = YES;
				GCC_INLINES_ARE_PRIVATE_EXTERN = NO;
				GCC_OPTIMIZATION_LEVEL = 0;
				GCC_PREPROCESSOR_DEFINITIONS = "'CMAKE_INTDIR=\"$(CONFIGURATION)$(EFFECTIVE_PLATFORM_NAME)\"'";
				GCC_SYMBOLS_PRIVATE_EXTERN = NO;
				HEADER_SEARCH_PATHS = (
					/usr/local/include,
					"/Users/mkoehnke/Developer/Udacity/Projects/CarND-MPC-Project/src/Eigen-3.3",
					/usr/local/opt/openssl/include,
				);
				INSTALL_PATH = "";
				OTHER_LDFLAGS = " ";
				OTHER_REZFLAGS = "";
				PRODUCT_NAME = ZERO_CHECK;
				SECTORDER_FLAGS = "";
				SYMROOT = "/Users/mkoehnke/Developer/Udacity/Projects/CarND-MPC-Project/ide_profiles/xcode";
				USE_HEADERMAP = NO;
				WARNING_CFLAGS = (
					"-Wmost",
					"-Wno-four-char-constants",
					"-Wno-unknown-pragmas",
					"$(inherited)",
				);
			};
			name = Debug;
		};
		56758C2DB4C34D7996C7DE5B /* RelWithDebInfo */ = {
			isa = XCBuildConfiguration;
			buildSettings = {
				ONLY_ACTIVE_ARCH = YES;
				SDKROOT = /Applications/Xcode.app/Contents/Developer/Platforms/MacOSX.platform/Developer/SDKs/MacOSX10.12.sdk;
				SYMROOT = "/Users/mkoehnke/Developer/Udacity/Projects/CarND-MPC-Project/ide_profiles/xcode/build";
			};
			name = RelWithDebInfo;
		};
		57D80DB1D43B4678A1C64781 /* Release */ = {
			isa = XCBuildConfiguration;
			buildSettings = {
				COMBINE_HIDPI_IMAGES = YES;
				GCC_GENERATE_DEBUGGING_SYMBOLS = YES;
				GCC_INLINES_ARE_PRIVATE_EXTERN = NO;
				GCC_OPTIMIZATION_LEVEL = 0;
				GCC_PREPROCESSOR_DEFINITIONS = "'CMAKE_INTDIR=\"$(CONFIGURATION)$(EFFECTIVE_PLATFORM_NAME)\"'";
				GCC_SYMBOLS_PRIVATE_EXTERN = NO;
				HEADER_SEARCH_PATHS = (
					/usr/local/include,
					"/Users/mkoehnke/Developer/Udacity/Projects/CarND-MPC-Project/src/Eigen-3.3",
					/usr/local/opt/openssl/include,
				);
				INSTALL_PATH = "";
				OTHER_LDFLAGS = " ";
				OTHER_REZFLAGS = "";
				PRODUCT_NAME = ALL_BUILD;
				SECTORDER_FLAGS = "";
				SYMROOT = "/Users/mkoehnke/Developer/Udacity/Projects/CarND-MPC-Project/ide_profiles/xcode";
				USE_HEADERMAP = NO;
				WARNING_CFLAGS = (
					"-Wmost",
					"-Wno-four-char-constants",
					"-Wno-unknown-pragmas",
					"$(inherited)",
				);
			};
			name = Release;
		};
		6688939C31FB4133BC0D8B38 /* MinSizeRel */ = {
			isa = XCBuildConfiguration;
			buildSettings = {
				COMBINE_HIDPI_IMAGES = YES;
				GCC_GENERATE_DEBUGGING_SYMBOLS = YES;
				GCC_INLINES_ARE_PRIVATE_EXTERN = NO;
				GCC_OPTIMIZATION_LEVEL = 0;
				GCC_PREPROCESSOR_DEFINITIONS = "'CMAKE_INTDIR=\"$(CONFIGURATION)$(EFFECTIVE_PLATFORM_NAME)\"'";
				GCC_SYMBOLS_PRIVATE_EXTERN = NO;
				HEADER_SEARCH_PATHS = (
					/usr/local/include,
					"/Users/mkoehnke/Developer/Udacity/Projects/CarND-MPC-Project/src/Eigen-3.3",
					/usr/local/opt/openssl/include,
				);
				INSTALL_PATH = "";
				OTHER_LDFLAGS = " ";
				OTHER_REZFLAGS = "";
				PRODUCT_NAME = ALL_BUILD;
				SECTORDER_FLAGS = "";
				SYMROOT = "/Users/mkoehnke/Developer/Udacity/Projects/CarND-MPC-Project/ide_profiles/xcode";
				USE_HEADERMAP = NO;
				WARNING_CFLAGS = (
					"-Wmost",
					"-Wno-four-char-constants",
					"-Wno-unknown-pragmas",
					"$(inherited)",
				);
			};
			name = MinSizeRel;
		};
		8DD9533F3AD74122B903ADD1 /* Debug */ = {
			isa = XCBuildConfiguration;
			buildSettings = {
				COMBINE_HIDPI_IMAGES = YES;
				EXECUTABLE_PREFIX = "";
				EXECUTABLE_SUFFIX = "";
				GCC_GENERATE_DEBUGGING_SYMBOLS = YES;
				GCC_INLINES_ARE_PRIVATE_EXTERN = NO;
				GCC_OPTIMIZATION_LEVEL = 0;
				GCC_PREPROCESSOR_DEFINITIONS = "'CMAKE_INTDIR=\"$(CONFIGURATION)$(EFFECTIVE_PLATFORM_NAME)\"'";
				GCC_SYMBOLS_PRIVATE_EXTERN = NO;
				HEADER_SEARCH_PATHS = (
					/usr/local/include,
					"/Users/mkoehnke/Developer/Udacity/Projects/CarND-MPC-Project/src/Eigen-3.3",
					/usr/local/opt/openssl/include,
				);
				INSTALL_PATH = "";
				LD_RUNPATH_SEARCH_PATHS = "/usr/local/lib /usr/local/opt/openssl/lib /usr/local/Cellar/libuv/1.11.0/lib";
				LIBRARY_SEARCH_PATHS = (
					"/usr/local/lib/$(CONFIGURATION)$(EFFECTIVE_PLATFORM_NAME)",
					/usr/local/lib,
					"/usr/local/opt/openssl/lib/$(CONFIGURATION)$(EFFECTIVE_PLATFORM_NAME)",
					/usr/local/opt/openssl/lib,
					"/usr/local/Cellar/libuv/1.11.0/lib/$(CONFIGURATION)$(EFFECTIVE_PLATFORM_NAME)",
					/usr/local/Cellar/libuv/1.11.0/lib,
				);
				OTHER_CPLUSPLUSFLAGS = (
					"-Wall",
					"-std=c++11",
					"-O3",
				);
				OTHER_LDFLAGS = (
					"-Wl,-search_paths_first",
					"-Wl,-headerpad_max_install_names",
					"-lipopt",
					"-lz",
					"-lssl",
					"-luv",
					"-luWS",
				);
				OTHER_REZFLAGS = "";
				PRODUCT_NAME = mpc;
				SECTORDER_FLAGS = "";
				SYMROOT = "/Users/mkoehnke/Developer/Udacity/Projects/CarND-MPC-Project/ide_profiles/xcode";
				USE_HEADERMAP = NO;
				WARNING_CFLAGS = (
					"-Wmost",
					"-Wno-four-char-constants",
					"-Wno-unknown-pragmas",
					"$(inherited)",
				);
			};
			name = Debug;
		};
		9B41558683594431B94B9F83 /* RelWithDebInfo */ = {
			isa = XCBuildConfiguration;
			buildSettings = {
				COMBINE_HIDPI_IMAGES = YES;
				GCC_GENERATE_DEBUGGING_SYMBOLS = YES;
				GCC_INLINES_ARE_PRIVATE_EXTERN = NO;
				GCC_OPTIMIZATION_LEVEL = 0;
				GCC_PREPROCESSOR_DEFINITIONS = "'CMAKE_INTDIR=\"$(CONFIGURATION)$(EFFECTIVE_PLATFORM_NAME)\"'";
				GCC_SYMBOLS_PRIVATE_EXTERN = NO;
				HEADER_SEARCH_PATHS = (
					/usr/local/include,
					"/Users/mkoehnke/Developer/Udacity/Projects/CarND-MPC-Project/src/Eigen-3.3",
					/usr/local/opt/openssl/include,
				);
				INSTALL_PATH = "";
				OTHER_LDFLAGS = " ";
				OTHER_REZFLAGS = "";
				PRODUCT_NAME = ALL_BUILD;
				SECTORDER_FLAGS = "";
				SYMROOT = "/Users/mkoehnke/Developer/Udacity/Projects/CarND-MPC-Project/ide_profiles/xcode";
				USE_HEADERMAP = NO;
				WARNING_CFLAGS = (
					"-Wmost",
					"-Wno-four-char-constants",
					"-Wno-unknown-pragmas",
					"$(inherited)",
				);
			};
			name = RelWithDebInfo;
		};
		B441283B384642AD87932A7A /* Release */ = {
			isa = XCBuildConfiguration;
			buildSettings = {
				COMBINE_HIDPI_IMAGES = YES;
				GCC_GENERATE_DEBUGGING_SYMBOLS = YES;
				GCC_INLINES_ARE_PRIVATE_EXTERN = NO;
				GCC_OPTIMIZATION_LEVEL = 0;
				GCC_PREPROCESSOR_DEFINITIONS = "'CMAKE_INTDIR=\"$(CONFIGURATION)$(EFFECTIVE_PLATFORM_NAME)\"'";
				GCC_SYMBOLS_PRIVATE_EXTERN = NO;
				HEADER_SEARCH_PATHS = (
					/usr/local/include,
					"/Users/mkoehnke/Developer/Udacity/Projects/CarND-MPC-Project/src/Eigen-3.3",
					/usr/local/opt/openssl/include,
				);
				INSTALL_PATH = "";
				OTHER_LDFLAGS = " ";
				OTHER_REZFLAGS = "";
				PRODUCT_NAME = ZERO_CHECK;
				SECTORDER_FLAGS = "";
				SYMROOT = "/Users/mkoehnke/Developer/Udacity/Projects/CarND-MPC-Project/ide_profiles/xcode";
				USE_HEADERMAP = NO;
				WARNING_CFLAGS = (
					"-Wmost",
					"-Wno-four-char-constants",
					"-Wno-unknown-pragmas",
					"$(inherited)",
				);
			};
			name = Release;
		};
		D0070F19E5F74A81A71C8970 /* RelWithDebInfo */ = {
			isa = XCBuildConfiguration;
			buildSettings = {
				COMBINE_HIDPI_IMAGES = YES;
				GCC_GENERATE_DEBUGGING_SYMBOLS = YES;
				GCC_INLINES_ARE_PRIVATE_EXTERN = NO;
				GCC_OPTIMIZATION_LEVEL = 0;
				GCC_PREPROCESSOR_DEFINITIONS = "'CMAKE_INTDIR=\"$(CONFIGURATION)$(EFFECTIVE_PLATFORM_NAME)\"'";
				GCC_SYMBOLS_PRIVATE_EXTERN = NO;
				HEADER_SEARCH_PATHS = (
					/usr/local/include,
					"/Users/mkoehnke/Developer/Udacity/Projects/CarND-MPC-Project/src/Eigen-3.3",
					/usr/local/opt/openssl/include,
				);
				INSTALL_PATH = "";
				OTHER_LDFLAGS = " ";
				OTHER_REZFLAGS = "";
				PRODUCT_NAME = ZERO_CHECK;
				SECTORDER_FLAGS = "";
				SYMROOT = "/Users/mkoehnke/Developer/Udacity/Projects/CarND-MPC-Project/ide_profiles/xcode";
				USE_HEADERMAP = NO;
				WARNING_CFLAGS = (
					"-Wmost",
					"-Wno-four-char-constants",
					"-Wno-unknown-pragmas",
					"$(inherited)",
				);
			};
			name = RelWithDebInfo;
		};
		D150C1C56F044D7395BFB0DB /* MinSizeRel */ = {
			isa = XCBuildConfiguration;
			buildSettings = {
				COMBINE_HIDPI_IMAGES = YES;
				GCC_GENERATE_DEBUGGING_SYMBOLS = YES;
				GCC_INLINES_ARE_PRIVATE_EXTERN = NO;
				GCC_OPTIMIZATION_LEVEL = 0;
				GCC_PREPROCESSOR_DEFINITIONS = "'CMAKE_INTDIR=\"$(CONFIGURATION)$(EFFECTIVE_PLATFORM_NAME)\"'";
				GCC_SYMBOLS_PRIVATE_EXTERN = NO;
				HEADER_SEARCH_PATHS = (
					/usr/local/include,
					"/Users/mkoehnke/Developer/Udacity/Projects/CarND-MPC-Project/src/Eigen-3.3",
					/usr/local/opt/openssl/include,
				);
				INSTALL_PATH = "";
				OTHER_LDFLAGS = " ";
				OTHER_REZFLAGS = "";
				PRODUCT_NAME = ZERO_CHECK;
				SECTORDER_FLAGS = "";
				SYMROOT = "/Users/mkoehnke/Developer/Udacity/Projects/CarND-MPC-Project/ide_profiles/xcode";
				USE_HEADERMAP = NO;
				WARNING_CFLAGS = (
					"-Wmost",
					"-Wno-four-char-constants",
					"-Wno-unknown-pragmas",
					"$(inherited)",
				);
			};
			name = MinSizeRel;
		};
		D1C83D251B1F47699812CEBB /* Debug */ = {
			isa = XCBuildConfiguration;
			buildSettings = {
				ONLY_ACTIVE_ARCH = YES;
				SDKROOT = /Applications/Xcode.app/Contents/Developer/Platforms/MacOSX.platform/Developer/SDKs/MacOSX10.12.sdk;
				SYMROOT = "/Users/mkoehnke/Developer/Udacity/Projects/CarND-MPC-Project/ide_profiles/xcode/build";
			};
			name = Debug;
		};
		D3D1BD048A13462CBCEDDB18 /* RelWithDebInfo */ = {
			isa = XCBuildConfiguration;
			buildSettings = {
				COMBINE_HIDPI_IMAGES = YES;
				EXECUTABLE_PREFIX = "";
				EXECUTABLE_SUFFIX = "";
				GCC_GENERATE_DEBUGGING_SYMBOLS = YES;
				GCC_INLINES_ARE_PRIVATE_EXTERN = NO;
				GCC_OPTIMIZATION_LEVEL = 2;
				GCC_PREPROCESSOR_DEFINITIONS = "'CMAKE_INTDIR=\"$(CONFIGURATION)$(EFFECTIVE_PLATFORM_NAME)\"'";
				GCC_SYMBOLS_PRIVATE_EXTERN = NO;
				HEADER_SEARCH_PATHS = (
					/usr/local/include,
					"/Users/mkoehnke/Developer/Udacity/Projects/CarND-MPC-Project/src/Eigen-3.3",
					/usr/local/opt/openssl/include,
				);
				INSTALL_PATH = "";
				LD_RUNPATH_SEARCH_PATHS = "/usr/local/lib /usr/local/opt/openssl/lib /usr/local/Cellar/libuv/1.11.0/lib";
				LIBRARY_SEARCH_PATHS = (
					"/usr/local/lib/$(CONFIGURATION)$(EFFECTIVE_PLATFORM_NAME)",
					/usr/local/lib,
					"/usr/local/opt/openssl/lib/$(CONFIGURATION)$(EFFECTIVE_PLATFORM_NAME)",
					/usr/local/opt/openssl/lib,
					"/usr/local/Cellar/libuv/1.11.0/lib/$(CONFIGURATION)$(EFFECTIVE_PLATFORM_NAME)",
					/usr/local/Cellar/libuv/1.11.0/lib,
				);
				OTHER_CPLUSPLUSFLAGS = (
					"-Wall",
					"-DNDEBUG",
					"-std=c++11",
					"-O3",
				);
				OTHER_LDFLAGS = (
					"-Wl,-search_paths_first",
					"-Wl,-headerpad_max_install_names",
					"-lipopt",
					"-lz",
					"-lssl",
					"-luv",
					"-luWS",
				);
				OTHER_REZFLAGS = "";
				PRODUCT_NAME = mpc;
				SECTORDER_FLAGS = "";
				SYMROOT = "/Users/mkoehnke/Developer/Udacity/Projects/CarND-MPC-Project/ide_profiles/xcode";
				USE_HEADERMAP = NO;
				WARNING_CFLAGS = (
					"-Wmost",
					"-Wno-four-char-constants",
					"-Wno-unknown-pragmas",
					"$(inherited)",
				);
			};
			name = RelWithDebInfo;
		};
/* End XCBuildConfiguration section */

/* Begin XCConfigurationList section */
		2F3AB1D4520D4B84AE6E5CC8 /* Build configuration list for PBXAggregateTarget "ALL_BUILD" */ = {
			isa = XCConfigurationList;
			buildConfigurations = (
				1258F11C760B4FB8B4B8FD6B /* Debug */,
				57D80DB1D43B4678A1C64781 /* Release */,
				6688939C31FB4133BC0D8B38 /* MinSizeRel */,
				9B41558683594431B94B9F83 /* RelWithDebInfo */,
			);
			defaultConfigurationIsVisible = 0;
			defaultConfigurationName = Debug;
		};
		43CD3920288248B7AB6E3605 /* Build configuration list for PBXAggregateTarget "ZERO_CHECK" */ = {
			isa = XCConfigurationList;
			buildConfigurations = (
				4A9D6E67874742BF9BA8D28A /* Debug */,
				B441283B384642AD87932A7A /* Release */,
				D150C1C56F044D7395BFB0DB /* MinSizeRel */,
				D0070F19E5F74A81A71C8970 /* RelWithDebInfo */,
			);
			defaultConfigurationIsVisible = 0;
			defaultConfigurationName = Debug;
		};
		54B0FA98C96245CC9DD894F5 /* Build configuration list for PBXNativeTarget "mpc" */ = {
			isa = XCConfigurationList;
			buildConfigurations = (
				8DD9533F3AD74122B903ADD1 /* Debug */,
				2BD05AFCEA9044BC85E085A1 /* Release */,
				0DEC2E51B7EC49F09FE59A3F /* MinSizeRel */,
				D3D1BD048A13462CBCEDDB18 /* RelWithDebInfo */,
			);
			defaultConfigurationIsVisible = 0;
			defaultConfigurationName = Debug;
		};
		FEBB9EDD74CB457093EA9C79 /* Build configuration list for PBXProject "MPC" */ = {
			isa = XCConfigurationList;
			buildConfigurations = (
				D1C83D251B1F47699812CEBB /* Debug */,
				3EF6229AC7374FD79B1B4782 /* Release */,
				35D77B48D3784F0D96A7BFFA /* MinSizeRel */,
				56758C2DB4C34D7996C7DE5B /* RelWithDebInfo */,
			);
			defaultConfigurationIsVisible = 0;
			defaultConfigurationName = Debug;
		};
/* End XCConfigurationList section */
	};
	rootObject = 8100EE564F1A41DA88DEB969 /* Project object */;
}
